
Microsoft Visual Studio Solution File, Format Version 12.00
# Visual Studio 15
VisualStudioVersion = 15.0.26430.15
MinimumVisualStudioVersion = 10.0.40219.1
Project("{FAE04EC0-301F-11D3-BF4B-00C04F79EFBC}") = "HexToBase64", "HexToBase64\HexToBase64.csproj", "{E2C269CB-0456-49AA-AB58-777686D4826B}"
EndProject
Global
	GlobalSection(SolutionConfigurationPlatforms) = preSolution
		Debug|Any CPU = Debug|Any CPU
		Release|Any CPU = Release|Any CPU
	EndGlobalSection
	GlobalSection(ProjectConfigurationPlatforms) = postSolution
		{E2C269CB-0456-49AA-AB58-777686D4826B}.Debug|Any CPU.ActiveCfg = Debug|Any CPU
		{E2C269CB-0456-49AA-AB58-777686D4826B}.Debug|Any CPU.Build.0 = Debug|Any CPU
		{E2C269CB-0456-49AA-AB58-777686D4826B}.Release|Any CPU.ActiveCfg = Release|Any CPU
		{E2C269CB-0456-49AA-AB58-777686D4826B}.Release|Any CPU.Build.0 = Release|Any CPU
	EndGlobalSection
	GlobalSection(SolutionProperties) = preSolution
		HideSolutionNode = FALSE
	EndGlobalSection
EndGlobal
